
Microsoft Visual Studio Solution File, Format Version 12.00
# Visual Studio Version 16
VisualStudioVersion = 16.0.30002.166
MinimumVisualStudioVersion = 10.0.40219.1
Project("{FAE04EC0-301F-11D3-BF4B-00C04F79EFBC}") = "CentralitaHerencia", "CentralTelefonica\CentralitaHerencia.csproj", "{58EA90A6-CB5B-48B0-AB1D-33942529FCA3}"
EndProject
Project("{FAE04EC0-301F-11D3-BF4B-00C04F79EFBC}") = "Test_Centralita", "Test_Centralita\Test_Centralita.csproj", "{2E0078E6-0F65-4BB3-ABC5-366245EC6089}"
EndProject
Global
	GlobalSection(SolutionConfigurationPlatforms) = preSolution
		Debug|Any CPU = Debug|Any CPU
		Release|Any CPU = Release|Any CPU
	EndGlobalSection
	GlobalSection(ProjectConfigurationPlatforms) = postSolution
		{58EA90A6-CB5B-48B0-AB1D-33942529FCA3}.Debug|Any CPU.ActiveCfg = Debug|Any CPU
		{58EA90A6-CB5B-48B0-AB1D-33942529FCA3}.Debug|Any CPU.Build.0 = Debug|Any CPU
		{58EA90A6-CB5B-48B0-AB1D-33942529FCA3}.Release|Any CPU.ActiveCfg = Release|Any CPU
		{58EA90A6-CB5B-48B0-AB1D-33942529FCA3}.Release|Any CPU.Build.0 = Release|Any CPU
		{2E0078E6-0F65-4BB3-ABC5-366245EC6089}.Debug|Any CPU.ActiveCfg = Debug|Any CPU
		{2E0078E6-0F65-4BB3-ABC5-366245EC6089}.Debug|Any CPU.Build.0 = Debug|Any CPU
		{2E0078E6-0F65-4BB3-ABC5-366245EC6089}.Release|Any CPU.ActiveCfg = Release|Any CPU
		{2E0078E6-0F65-4BB3-ABC5-366245EC6089}.Release|Any CPU.Build.0 = Release|Any CPU
	EndGlobalSection
	GlobalSection(SolutionProperties) = preSolution
		HideSolutionNode = FALSE
	EndGlobalSection
	GlobalSection(ExtensibilityGlobals) = postSolution
		SolutionGuid = {4C0C7FC1-1ACB-4642-8A91-44CEE3507496}
	EndGlobalSection
EndGlobal
