
Microsoft Visual Studio Solution File, Format Version 12.00
# Visual Studio Version 16
VisualStudioVersion = 16.0.30002.166
MinimumVisualStudioVersion = 10.0.40219.1
Project("{FAE04EC0-301F-11D3-BF4B-00C04F79EFBC}") = "Ejercicio_61_Sql", "Ejercicio_61_Sql\Ejercicio_61_Sql.csproj", "{168201DF-47CE-4C96-BEA4-961DEF32A95E}"
EndProject
Project("{FAE04EC0-301F-11D3-BF4B-00C04F79EFBC}") = "Ejercicio_61_Bibliotecas", "Ejercicio_61_Bibliotecas\Ejercicio_61_Bibliotecas.csproj", "{BE77B4B0-DCC3-4B26-A9C1-12E0EB06A1AA}"
EndProject
Global
	GlobalSection(SolutionConfigurationPlatforms) = preSolution
		Debug|Any CPU = Debug|Any CPU
		Release|Any CPU = Release|Any CPU
	EndGlobalSection
	GlobalSection(ProjectConfigurationPlatforms) = postSolution
		{168201DF-47CE-4C96-BEA4-961DEF32A95E}.Debug|Any CPU.ActiveCfg = Debug|Any CPU
		{168201DF-47CE-4C96-BEA4-961DEF32A95E}.Debug|Any CPU.Build.0 = Debug|Any CPU
		{168201DF-47CE-4C96-BEA4-961DEF32A95E}.Release|Any CPU.ActiveCfg = Release|Any CPU
		{168201DF-47CE-4C96-BEA4-961DEF32A95E}.Release|Any CPU.Build.0 = Release|Any CPU
		{BE77B4B0-DCC3-4B26-A9C1-12E0EB06A1AA}.Debug|Any CPU.ActiveCfg = Debug|Any CPU
		{BE77B4B0-DCC3-4B26-A9C1-12E0EB06A1AA}.Debug|Any CPU.Build.0 = Debug|Any CPU
		{BE77B4B0-DCC3-4B26-A9C1-12E0EB06A1AA}.Release|Any CPU.ActiveCfg = Release|Any CPU
		{BE77B4B0-DCC3-4B26-A9C1-12E0EB06A1AA}.Release|Any CPU.Build.0 = Release|Any CPU
	EndGlobalSection
	GlobalSection(SolutionProperties) = preSolution
		HideSolutionNode = FALSE
	EndGlobalSection
	GlobalSection(ExtensibilityGlobals) = postSolution
		SolutionGuid = {C389B415-8B5E-4047-8772-52C6880349BA}
	EndGlobalSection
EndGlobal
