
Microsoft Visual Studio Solution File, Format Version 12.00
# Visual Studio Version 16
VisualStudioVersion = 16.0.30002.166
MinimumVisualStudioVersion = 10.0.40219.1
Project("{FAE04EC0-301F-11D3-BF4B-00C04F79EFBC}") = "Ejercicio_45_TestUnitario", "Ejercicio_45_TestUnitario\Ejercicio_45_TestUnitario.csproj", "{13D50A65-4AF7-4429-8961-25277E88FF06}"
EndProject
Project("{FAE04EC0-301F-11D3-BF4B-00C04F79EFBC}") = "Test_Ejercicio_45", "Ejercicio_42\Test_Ejercicio_42\Test_Ejercicio_45.csproj", "{6F021EF2-8848-415C-B865-341DB6C22EAD}"
EndProject
Project("{FAE04EC0-301F-11D3-BF4B-00C04F79EFBC}") = "TestUnitario_Ejercicio_45", "TestUnitario_Ejercicio_45\TestUnitario_Ejercicio_45.csproj", "{DF7A33D2-9603-4CA3-942B-9EABF9E022B8}"
EndProject
Global
	GlobalSection(SolutionConfigurationPlatforms) = preSolution
		Debug|Any CPU = Debug|Any CPU
		Release|Any CPU = Release|Any CPU
	EndGlobalSection
	GlobalSection(ProjectConfigurationPlatforms) = postSolution
		{13D50A65-4AF7-4429-8961-25277E88FF06}.Debug|Any CPU.ActiveCfg = Debug|Any CPU
		{13D50A65-4AF7-4429-8961-25277E88FF06}.Debug|Any CPU.Build.0 = Debug|Any CPU
		{13D50A65-4AF7-4429-8961-25277E88FF06}.Release|Any CPU.ActiveCfg = Release|Any CPU
		{13D50A65-4AF7-4429-8961-25277E88FF06}.Release|Any CPU.Build.0 = Release|Any CPU
		{6F021EF2-8848-415C-B865-341DB6C22EAD}.Debug|Any CPU.ActiveCfg = Debug|Any CPU
		{6F021EF2-8848-415C-B865-341DB6C22EAD}.Debug|Any CPU.Build.0 = Debug|Any CPU
		{6F021EF2-8848-415C-B865-341DB6C22EAD}.Release|Any CPU.ActiveCfg = Release|Any CPU
		{6F021EF2-8848-415C-B865-341DB6C22EAD}.Release|Any CPU.Build.0 = Release|Any CPU
		{DF7A33D2-9603-4CA3-942B-9EABF9E022B8}.Debug|Any CPU.ActiveCfg = Debug|Any CPU
		{DF7A33D2-9603-4CA3-942B-9EABF9E022B8}.Debug|Any CPU.Build.0 = Debug|Any CPU
		{DF7A33D2-9603-4CA3-942B-9EABF9E022B8}.Release|Any CPU.ActiveCfg = Release|Any CPU
		{DF7A33D2-9603-4CA3-942B-9EABF9E022B8}.Release|Any CPU.Build.0 = Release|Any CPU
	EndGlobalSection
	GlobalSection(SolutionProperties) = preSolution
		HideSolutionNode = FALSE
	EndGlobalSection
	GlobalSection(ExtensibilityGlobals) = postSolution
		SolutionGuid = {062CE981-0285-4244-8790-50630EAF132C}
	EndGlobalSection
EndGlobal
