
Microsoft Visual Studio Solution File, Format Version 12.00
# Visual Studio Version 16
VisualStudioVersion = 16.0.29926.136
MinimumVisualStudioVersion = 10.0.40219.1
Project("{FAE04EC0-301F-11D3-BF4B-00C04F79EFBC}") = "Ejercicio_18", "Ejercicio_18.csproj", "{540DB735-AFE0-4AFD-B1BB-6013ABE278A0}"
EndProject
Project("{FAE04EC0-301F-11D3-BF4B-00C04F79EFBC}") = "Ejercicio_18_Biblioteca", "..\Ejercicio_18_Biblioteca\Ejercicio_18_Biblioteca.csproj", "{84703312-CAB6-40E4-A77F-06D281840879}"
EndProject
Global
	GlobalSection(SolutionConfigurationPlatforms) = preSolution
		Debug|Any CPU = Debug|Any CPU
		Release|Any CPU = Release|Any CPU
	EndGlobalSection
	GlobalSection(ProjectConfigurationPlatforms) = postSolution
		{540DB735-AFE0-4AFD-B1BB-6013ABE278A0}.Debug|Any CPU.ActiveCfg = Debug|Any CPU
		{540DB735-AFE0-4AFD-B1BB-6013ABE278A0}.Debug|Any CPU.Build.0 = Debug|Any CPU
		{540DB735-AFE0-4AFD-B1BB-6013ABE278A0}.Release|Any CPU.ActiveCfg = Release|Any CPU
		{540DB735-AFE0-4AFD-B1BB-6013ABE278A0}.Release|Any CPU.Build.0 = Release|Any CPU
		{84703312-CAB6-40E4-A77F-06D281840879}.Debug|Any CPU.ActiveCfg = Debug|Any CPU
		{84703312-CAB6-40E4-A77F-06D281840879}.Debug|Any CPU.Build.0 = Debug|Any CPU
		{84703312-CAB6-40E4-A77F-06D281840879}.Release|Any CPU.ActiveCfg = Release|Any CPU
		{84703312-CAB6-40E4-A77F-06D281840879}.Release|Any CPU.Build.0 = Release|Any CPU
	EndGlobalSection
	GlobalSection(SolutionProperties) = preSolution
		HideSolutionNode = FALSE
	EndGlobalSection
	GlobalSection(ExtensibilityGlobals) = postSolution
		SolutionGuid = {283C7E50-E57E-462A-AFC9-A085C9271EB5}
	EndGlobalSection
EndGlobal
