
Microsoft Visual Studio Solution File, Format Version 12.00
# Visual Studio Version 16
VisualStudioVersion = 16.0.30204.135
MinimumVisualStudioVersion = 10.0.40219.1
Project("{FAE04EC0-301F-11D3-BF4B-00C04F79EFBC}") = "Ejercicio_69_Form", "Ejercicio_69_Form\Ejercicio_69_Form.csproj", "{C720F53E-BE3D-43B7-AC25-1B9D3454020C}"
EndProject
Global
	GlobalSection(SolutionConfigurationPlatforms) = preSolution
		Debug|Any CPU = Debug|Any CPU
		Release|Any CPU = Release|Any CPU
	EndGlobalSection
	GlobalSection(ProjectConfigurationPlatforms) = postSolution
		{C720F53E-BE3D-43B7-AC25-1B9D3454020C}.Debug|Any CPU.ActiveCfg = Debug|Any CPU
		{C720F53E-BE3D-43B7-AC25-1B9D3454020C}.Debug|Any CPU.Build.0 = Debug|Any CPU
		{C720F53E-BE3D-43B7-AC25-1B9D3454020C}.Release|Any CPU.ActiveCfg = Release|Any CPU
		{C720F53E-BE3D-43B7-AC25-1B9D3454020C}.Release|Any CPU.Build.0 = Release|Any CPU
	EndGlobalSection
	GlobalSection(SolutionProperties) = preSolution
		HideSolutionNode = FALSE
	EndGlobalSection
	GlobalSection(ExtensibilityGlobals) = postSolution
		SolutionGuid = {151F7734-4C3F-4F5A-98D6-52D52B51C333}
	EndGlobalSection
EndGlobal
