
Microsoft Visual Studio Solution File, Format Version 12.00
# Visual Studio Version 16
VisualStudioVersion = 16.0.30002.166
MinimumVisualStudioVersion = 10.0.40219.1
Project("{FAE04EC0-301F-11D3-BF4B-00C04F79EFBC}") = "Ejercicio_31_Bis", "Ejercicio_31_Bis\Ejercicio_31_Bis.csproj", "{B4EEB7E8-B1B7-47F5-AD5A-A6EE2C5B89CC}"
EndProject
Project("{FAE04EC0-301F-11D3-BF4B-00C04F79EFBC}") = "Ejercicio_31_Bis_Biblioteca", "Ejercicio_31_Bis_Biblioteca\Ejercicio_31_Bis_Biblioteca.csproj", "{737D32FC-B703-4AD7-97DC-4AC36CBE5B9B}"
EndProject
Global
	GlobalSection(SolutionConfigurationPlatforms) = preSolution
		Debug|Any CPU = Debug|Any CPU
		Release|Any CPU = Release|Any CPU
	EndGlobalSection
	GlobalSection(ProjectConfigurationPlatforms) = postSolution
		{B4EEB7E8-B1B7-47F5-AD5A-A6EE2C5B89CC}.Debug|Any CPU.ActiveCfg = Debug|Any CPU
		{B4EEB7E8-B1B7-47F5-AD5A-A6EE2C5B89CC}.Debug|Any CPU.Build.0 = Debug|Any CPU
		{B4EEB7E8-B1B7-47F5-AD5A-A6EE2C5B89CC}.Release|Any CPU.ActiveCfg = Release|Any CPU
		{B4EEB7E8-B1B7-47F5-AD5A-A6EE2C5B89CC}.Release|Any CPU.Build.0 = Release|Any CPU
		{737D32FC-B703-4AD7-97DC-4AC36CBE5B9B}.Debug|Any CPU.ActiveCfg = Debug|Any CPU
		{737D32FC-B703-4AD7-97DC-4AC36CBE5B9B}.Debug|Any CPU.Build.0 = Debug|Any CPU
		{737D32FC-B703-4AD7-97DC-4AC36CBE5B9B}.Release|Any CPU.ActiveCfg = Release|Any CPU
		{737D32FC-B703-4AD7-97DC-4AC36CBE5B9B}.Release|Any CPU.Build.0 = Release|Any CPU
	EndGlobalSection
	GlobalSection(SolutionProperties) = preSolution
		HideSolutionNode = FALSE
	EndGlobalSection
	GlobalSection(ExtensibilityGlobals) = postSolution
		SolutionGuid = {68472ECC-B3FF-47FD-A68D-270A9D944A37}
	EndGlobalSection
EndGlobal
