
Microsoft Visual Studio Solution File, Format Version 12.00
# Visual Studio Version 16
VisualStudioVersion = 16.0.30002.166
MinimumVisualStudioVersion = 10.0.40219.1
Project("{FAE04EC0-301F-11D3-BF4B-00C04F79EFBC}") = "Ejercicio_48", "Ejercicio_48\Ejercicio_48.csproj", "{74EC44EC-7AAE-407B-A300-74DF917AFCA3}"
EndProject
Project("{FAE04EC0-301F-11D3-BF4B-00C04F79EFBC}") = "Test_Contabilidad", "Test_Contabilidad\Test_Contabilidad.csproj", "{1AE84A2F-A9C8-40FE-A3FC-CA7F659C09DA}"
EndProject
Global
	GlobalSection(SolutionConfigurationPlatforms) = preSolution
		Debug|Any CPU = Debug|Any CPU
		Release|Any CPU = Release|Any CPU
	EndGlobalSection
	GlobalSection(ProjectConfigurationPlatforms) = postSolution
		{74EC44EC-7AAE-407B-A300-74DF917AFCA3}.Debug|Any CPU.ActiveCfg = Debug|Any CPU
		{74EC44EC-7AAE-407B-A300-74DF917AFCA3}.Debug|Any CPU.Build.0 = Debug|Any CPU
		{74EC44EC-7AAE-407B-A300-74DF917AFCA3}.Release|Any CPU.ActiveCfg = Release|Any CPU
		{74EC44EC-7AAE-407B-A300-74DF917AFCA3}.Release|Any CPU.Build.0 = Release|Any CPU
		{1AE84A2F-A9C8-40FE-A3FC-CA7F659C09DA}.Debug|Any CPU.ActiveCfg = Debug|Any CPU
		{1AE84A2F-A9C8-40FE-A3FC-CA7F659C09DA}.Debug|Any CPU.Build.0 = Debug|Any CPU
		{1AE84A2F-A9C8-40FE-A3FC-CA7F659C09DA}.Release|Any CPU.ActiveCfg = Release|Any CPU
		{1AE84A2F-A9C8-40FE-A3FC-CA7F659C09DA}.Release|Any CPU.Build.0 = Release|Any CPU
	EndGlobalSection
	GlobalSection(SolutionProperties) = preSolution
		HideSolutionNode = FALSE
	EndGlobalSection
	GlobalSection(ExtensibilityGlobals) = postSolution
		SolutionGuid = {57CC22C3-C2F0-46CB-8C74-EBEDBA644871}
	EndGlobalSection
EndGlobal
