
Microsoft Visual Studio Solution File, Format Version 12.00
# Visual Studio Version 16
VisualStudioVersion = 16.0.29926.136
MinimumVisualStudioVersion = 10.0.40219.1
Project("{FAE04EC0-301F-11D3-BF4B-00C04F79EFBC}") = "Billetes", "Billetes.csproj", "{224F2C2F-56C1-46CB-A719-DA3DC78E4AC9}"
EndProject
Project("{FAE04EC0-301F-11D3-BF4B-00C04F79EFBC}") = "Ejercicio_20", "..\Ejercicio_20\Ejercicio_20.csproj", "{28430867-83A8-4DD3-A841-ACB78AEABE82}"
EndProject
Global
	GlobalSection(SolutionConfigurationPlatforms) = preSolution
		Debug|Any CPU = Debug|Any CPU
		Release|Any CPU = Release|Any CPU
	EndGlobalSection
	GlobalSection(ProjectConfigurationPlatforms) = postSolution
		{224F2C2F-56C1-46CB-A719-DA3DC78E4AC9}.Debug|Any CPU.ActiveCfg = Debug|Any CPU
		{224F2C2F-56C1-46CB-A719-DA3DC78E4AC9}.Debug|Any CPU.Build.0 = Debug|Any CPU
		{224F2C2F-56C1-46CB-A719-DA3DC78E4AC9}.Release|Any CPU.ActiveCfg = Release|Any CPU
		{224F2C2F-56C1-46CB-A719-DA3DC78E4AC9}.Release|Any CPU.Build.0 = Release|Any CPU
		{28430867-83A8-4DD3-A841-ACB78AEABE82}.Debug|Any CPU.ActiveCfg = Debug|Any CPU
		{28430867-83A8-4DD3-A841-ACB78AEABE82}.Debug|Any CPU.Build.0 = Debug|Any CPU
		{28430867-83A8-4DD3-A841-ACB78AEABE82}.Release|Any CPU.ActiveCfg = Release|Any CPU
		{28430867-83A8-4DD3-A841-ACB78AEABE82}.Release|Any CPU.Build.0 = Release|Any CPU
	EndGlobalSection
	GlobalSection(SolutionProperties) = preSolution
		HideSolutionNode = FALSE
	EndGlobalSection
	GlobalSection(ExtensibilityGlobals) = postSolution
		SolutionGuid = {065C145D-C21A-4AC0-BAA5-9430B3F29F5B}
	EndGlobalSection
EndGlobal
